
Microsoft Visual Studio Solution File, Format Version 12.00
# Visual Studio 2012
Project("{8BC9CEB8-8B4A-11D0-8D11-00A0C91BC942}") = "ICMP", "ICMP\ICMP\ICMP.vcxproj", "{C15B0456-2810-4866-A564-7A76EC434EA8}"
EndProject
Project("{8BC9CEB8-8B4A-11D0-8D11-00A0C91BC942}") = "SystemInformation", "SystemInformation\SystemInformation\SystemInformation.vcxproj", "{E7110AA9-A757-4B96-9BA0-994BE423240C}"
EndProject
Project("{8BC9CEB8-8B4A-11D0-8D11-00A0C91BC942}") = "UAC", "UAC\UAC\UAC.vcxproj", "{A0AFE1BC-9B1F-40F3-9256-DB441CC8F94B}"
EndProject
Project("{8BC9CEB8-8B4A-11D0-8D11-00A0C91BC942}") = "FindFiles", "FindFiles\FindFiles\FindFiles.vcxproj", "{325F6E24-20CA-4447-89DF-526A00820377}"
EndProject
Global
	GlobalSection(SolutionConfigurationPlatforms) = preSolution
		Debug|Win32 = Debug|Win32
		Release|Win32 = Release|Win32
	EndGlobalSection
	GlobalSection(ProjectConfigurationPlatforms) = postSolution
		{C15B0456-2810-4866-A564-7A76EC434EA8}.Debug|Win32.ActiveCfg = Debug|Win32
		{C15B0456-2810-4866-A564-7A76EC434EA8}.Debug|Win32.Build.0 = Debug|Win32
		{C15B0456-2810-4866-A564-7A76EC434EA8}.Release|Win32.ActiveCfg = Release|Win32
		{C15B0456-2810-4866-A564-7A76EC434EA8}.Release|Win32.Build.0 = Release|Win32
		{E7110AA9-A757-4B96-9BA0-994BE423240C}.Debug|Win32.ActiveCfg = Release|Win32
		{E7110AA9-A757-4B96-9BA0-994BE423240C}.Debug|Win32.Build.0 = Release|Win32
		{E7110AA9-A757-4B96-9BA0-994BE423240C}.Release|Win32.ActiveCfg = Release|Win32
		{E7110AA9-A757-4B96-9BA0-994BE423240C}.Release|Win32.Build.0 = Release|Win32
		{A0AFE1BC-9B1F-40F3-9256-DB441CC8F94B}.Debug|Win32.ActiveCfg = Debug|Win32
		{A0AFE1BC-9B1F-40F3-9256-DB441CC8F94B}.Debug|Win32.Build.0 = Debug|Win32
		{A0AFE1BC-9B1F-40F3-9256-DB441CC8F94B}.Release|Win32.ActiveCfg = Release|Win32
		{A0AFE1BC-9B1F-40F3-9256-DB441CC8F94B}.Release|Win32.Build.0 = Release|Win32
		{325F6E24-20CA-4447-89DF-526A00820377}.Debug|Win32.ActiveCfg = Debug|Win32
		{325F6E24-20CA-4447-89DF-526A00820377}.Debug|Win32.Build.0 = Debug|Win32
		{325F6E24-20CA-4447-89DF-526A00820377}.Release|Win32.ActiveCfg = Release|Win32
		{325F6E24-20CA-4447-89DF-526A00820377}.Release|Win32.Build.0 = Release|Win32
	EndGlobalSection
	GlobalSection(SolutionProperties) = preSolution
		HideSolutionNode = FALSE
	EndGlobalSection
EndGlobal
